
Microsoft Visual Studio Solution File, Format Version 12.00
# Visual Studio 15
VisualStudioVersion = 15.0.27703.2026
MinimumVisualStudioVersion = 10.0.40219.1
Project("{9A19103F-16F7-4668-BE54-9A1E7A4F7556}") = "susiapp", "susiapp\susiapp.csproj", "{C4D4BD7E-8870-4974-810F-B3577C44EEC1}"
	ProjectSection(ProjectDependencies) = postProject
		{895B5546-F54E-4666-AD4D-7A61C83427B3} = {895B5546-F54E-4666-AD4D-7A61C83427B3}
		{C8542CCE-6FB0-45E5-B349-41FD489DB0B5} = {C8542CCE-6FB0-45E5-B349-41FD489DB0B5}
	EndProjectSection
EndProject
Project("{9A19103F-16F7-4668-BE54-9A1E7A4F7556}") = "Application", "Application\Application.csproj", "{C5B8A6EE-5A53-48D7-90F1-FCFC85CCA5BE}"
	ProjectSection(ProjectDependencies) = postProject
		{895B5546-F54E-4666-AD4D-7A61C83427B3} = {895B5546-F54E-4666-AD4D-7A61C83427B3}
		{A98ECAB0-4E9B-44BE-9465-58ADA7FF7F1C} = {A98ECAB0-4E9B-44BE-9465-58ADA7FF7F1C}
		{C8542CCE-6FB0-45E5-B349-41FD489DB0B5} = {C8542CCE-6FB0-45E5-B349-41FD489DB0B5}
	EndProjectSection
EndProject
Project("{9A19103F-16F7-4668-BE54-9A1E7A4F7556}") = "Domain", "Domain\Domain.csproj", "{3036C218-152A-48FA-9A53-604B0953D326}"
EndProject
Project("{9A19103F-16F7-4668-BE54-9A1E7A4F7556}") = "Domain.Core", "Domain.Core\Domain.Core.csproj", "{A98ECAB0-4E9B-44BE-9465-58ADA7FF7F1C}"
EndProject
Project("{9A19103F-16F7-4668-BE54-9A1E7A4F7556}") = "Ioc", "Ioc\Ioc.csproj", "{864C23BD-C153-4F73-8210-7ABFD127B3C8}"
	ProjectSection(ProjectDependencies) = postProject
		{3036C218-152A-48FA-9A53-604B0953D326} = {3036C218-152A-48FA-9A53-604B0953D326}
		{895B5546-F54E-4666-AD4D-7A61C83427B3} = {895B5546-F54E-4666-AD4D-7A61C83427B3}
		{1906CFA3-9317-4D94-B4AE-F17F71B1D560} = {1906CFA3-9317-4D94-B4AE-F17F71B1D560}
		{C8542CCE-6FB0-45E5-B349-41FD489DB0B5} = {C8542CCE-6FB0-45E5-B349-41FD489DB0B5}
	EndProjectSection
EndProject
Project("{9A19103F-16F7-4668-BE54-9A1E7A4F7556}") = "Bus", "Bus\Bus.csproj", "{895B5546-F54E-4666-AD4D-7A61C83427B3}"
EndProject
Project("{9A19103F-16F7-4668-BE54-9A1E7A4F7556}") = "Identity", "Identity\Identity.csproj", "{C8542CCE-6FB0-45E5-B349-41FD489DB0B5}"
EndProject
Project("{9A19103F-16F7-4668-BE54-9A1E7A4F7556}") = "Data", "Data\Data.csproj", "{1906CFA3-9317-4D94-B4AE-F17F71B1D560}"
EndProject
Global
	GlobalSection(SolutionConfigurationPlatforms) = preSolution
		Debug|Any CPU = Debug|Any CPU
		Release|Any CPU = Release|Any CPU
	EndGlobalSection
	GlobalSection(ProjectConfigurationPlatforms) = postSolution
		{C4D4BD7E-8870-4974-810F-B3577C44EEC1}.Debug|Any CPU.ActiveCfg = Debug|Any CPU
		{C4D4BD7E-8870-4974-810F-B3577C44EEC1}.Debug|Any CPU.Build.0 = Debug|Any CPU
		{C4D4BD7E-8870-4974-810F-B3577C44EEC1}.Release|Any CPU.ActiveCfg = Release|Any CPU
		{C4D4BD7E-8870-4974-810F-B3577C44EEC1}.Release|Any CPU.Build.0 = Release|Any CPU
		{C5B8A6EE-5A53-48D7-90F1-FCFC85CCA5BE}.Debug|Any CPU.ActiveCfg = Debug|Any CPU
		{C5B8A6EE-5A53-48D7-90F1-FCFC85CCA5BE}.Debug|Any CPU.Build.0 = Debug|Any CPU
		{C5B8A6EE-5A53-48D7-90F1-FCFC85CCA5BE}.Release|Any CPU.ActiveCfg = Release|Any CPU
		{C5B8A6EE-5A53-48D7-90F1-FCFC85CCA5BE}.Release|Any CPU.Build.0 = Release|Any CPU
		{3036C218-152A-48FA-9A53-604B0953D326}.Debug|Any CPU.ActiveCfg = Debug|Any CPU
		{3036C218-152A-48FA-9A53-604B0953D326}.Debug|Any CPU.Build.0 = Debug|Any CPU
		{3036C218-152A-48FA-9A53-604B0953D326}.Release|Any CPU.ActiveCfg = Release|Any CPU
		{3036C218-152A-48FA-9A53-604B0953D326}.Release|Any CPU.Build.0 = Release|Any CPU
		{A98ECAB0-4E9B-44BE-9465-58ADA7FF7F1C}.Debug|Any CPU.ActiveCfg = Debug|Any CPU
		{A98ECAB0-4E9B-44BE-9465-58ADA7FF7F1C}.Debug|Any CPU.Build.0 = Debug|Any CPU
		{A98ECAB0-4E9B-44BE-9465-58ADA7FF7F1C}.Release|Any CPU.ActiveCfg = Release|Any CPU
		{A98ECAB0-4E9B-44BE-9465-58ADA7FF7F1C}.Release|Any CPU.Build.0 = Release|Any CPU
		{864C23BD-C153-4F73-8210-7ABFD127B3C8}.Debug|Any CPU.ActiveCfg = Debug|Any CPU
		{864C23BD-C153-4F73-8210-7ABFD127B3C8}.Debug|Any CPU.Build.0 = Debug|Any CPU
		{864C23BD-C153-4F73-8210-7ABFD127B3C8}.Release|Any CPU.ActiveCfg = Release|Any CPU
		{864C23BD-C153-4F73-8210-7ABFD127B3C8}.Release|Any CPU.Build.0 = Release|Any CPU
		{895B5546-F54E-4666-AD4D-7A61C83427B3}.Debug|Any CPU.ActiveCfg = Debug|Any CPU
		{895B5546-F54E-4666-AD4D-7A61C83427B3}.Debug|Any CPU.Build.0 = Debug|Any CPU
		{895B5546-F54E-4666-AD4D-7A61C83427B3}.Release|Any CPU.ActiveCfg = Release|Any CPU
		{895B5546-F54E-4666-AD4D-7A61C83427B3}.Release|Any CPU.Build.0 = Release|Any CPU
		{C8542CCE-6FB0-45E5-B349-41FD489DB0B5}.Debug|Any CPU.ActiveCfg = Debug|Any CPU
		{C8542CCE-6FB0-45E5-B349-41FD489DB0B5}.Debug|Any CPU.Build.0 = Debug|Any CPU
		{C8542CCE-6FB0-45E5-B349-41FD489DB0B5}.Release|Any CPU.ActiveCfg = Release|Any CPU
		{C8542CCE-6FB0-45E5-B349-41FD489DB0B5}.Release|Any CPU.Build.0 = Release|Any CPU
		{1906CFA3-9317-4D94-B4AE-F17F71B1D560}.Debug|Any CPU.ActiveCfg = Debug|Any CPU
		{1906CFA3-9317-4D94-B4AE-F17F71B1D560}.Debug|Any CPU.Build.0 = Debug|Any CPU
		{1906CFA3-9317-4D94-B4AE-F17F71B1D560}.Release|Any CPU.ActiveCfg = Release|Any CPU
		{1906CFA3-9317-4D94-B4AE-F17F71B1D560}.Release|Any CPU.Build.0 = Release|Any CPU
	EndGlobalSection
	GlobalSection(SolutionProperties) = preSolution
		HideSolutionNode = FALSE
	EndGlobalSection
	GlobalSection(ExtensibilityGlobals) = postSolution
		SolutionGuid = {BE89A182-0E19-4985-9F71-70C2B229D800}
	EndGlobalSection
EndGlobal
